
Microsoft Visual Studio Solution File, Format Version 12.00
# Visual Studio Version 17
VisualStudioVersion = 17.0.31410.414
MinimumVisualStudioVersion = 10.0.40219.1
Project("{9A19103F-16F7-4668-BE54-9A1E7A4F7556}") = "PlanningPoker.Domain", "PlanningPoker.Domain\PlanningPoker.Domain.csproj", "{28AF9631-1AF8-4EEB-A73C-B9F86CCC2B29}"
EndProject
Project("{9A19103F-16F7-4668-BE54-9A1E7A4F7556}") = "PlanningPoker.Api", "PlanningPoker.Api\PlanningPoker.Api.csproj", "{286F82FC-C9B3-4C33-9327-901284EAEE51}"
EndProject
Global
	GlobalSection(SolutionConfigurationPlatforms) = preSolution
		Debug|Any CPU = Debug|Any CPU
		Release|Any CPU = Release|Any CPU
	EndGlobalSection
	GlobalSection(ProjectConfigurationPlatforms) = postSolution
		{28AF9631-1AF8-4EEB-A73C-B9F86CCC2B29}.Debug|Any CPU.ActiveCfg = Debug|Any CPU
		{28AF9631-1AF8-4EEB-A73C-B9F86CCC2B29}.Debug|Any CPU.Build.0 = Debug|Any CPU
		{28AF9631-1AF8-4EEB-A73C-B9F86CCC2B29}.Release|Any CPU.ActiveCfg = Release|Any CPU
		{28AF9631-1AF8-4EEB-A73C-B9F86CCC2B29}.Release|Any CPU.Build.0 = Release|Any CPU
		{286F82FC-C9B3-4C33-9327-901284EAEE51}.Debug|Any CPU.ActiveCfg = Debug|Any CPU
		{286F82FC-C9B3-4C33-9327-901284EAEE51}.Debug|Any CPU.Build.0 = Debug|Any CPU
		{286F82FC-C9B3-4C33-9327-901284EAEE51}.Release|Any CPU.ActiveCfg = Release|Any CPU
		{286F82FC-C9B3-4C33-9327-901284EAEE51}.Release|Any CPU.Build.0 = Release|Any CPU
	EndGlobalSection
	GlobalSection(SolutionProperties) = preSolution
		HideSolutionNode = FALSE
	EndGlobalSection
	GlobalSection(ExtensibilityGlobals) = postSolution
		SolutionGuid = {B015B7C3-8054-4A65-B9B3-746D58A5411E}
	EndGlobalSection
EndGlobal
